# This file is automatically @generated by Poetry 2.1.2 and should not be changed by hand.

[[package]]
name = "allure-pytest"
version = "2.14.3"
description = "Allure pytest integration"
optional = false
python-versions = "*"
groups = ["main"]
files = [
    {file = "allure_pytest-2.14.3-py3-none-any.whl", hash = "sha256:9704dea12f98991bc9e13be4ce9f90fe703beaff90e4741d67ae64c9815336c5"},
    {file = "allure_pytest-2.14.3.tar.gz", hash = "sha256:6d02a129867c7ef8b6943721d2be3141e3d1c3551741aff17b6afee64cd92b60"},
]

[package.dependencies]
allure-python-commons = "2.14.3"
pytest = ">=4.5.0"

[[package]]
name = "allure-python-commons"
version = "2.14.3"
description = "Contains the API for end users as well as helper functions and classes to build Allure adapters for Python test frameworks"
optional = false
python-versions = ">=3.6"
groups = ["main"]
files = [
    {file = "allure_python_commons-2.14.3-py3-none-any.whl", hash = "sha256:7bcf6a2eff69e6f0eacd8681e923f0a9dfbdd86cb8e20d8f93288057f9fb7cb1"},
    {file = "allure_python_commons-2.14.3.tar.gz", hash = "sha256:2dcaa87dd6b0b41902f60fe17e2653d3762788f3998ca4cf721dabfa8342aa07"},
]

[package.dependencies]
attrs = ">=16.0.0"
pluggy = ">=0.4.0"

[[package]]
name = "anyio"
version = "4.9.0"
description = "High level compatibility layer for multiple asynchronous event loop implementations"
optional = false
python-versions = ">=3.9"
groups = ["main"]
files = [
    {file = "anyio-4.9.0-py3-none-any.whl", hash = "sha256:9f76d541cad6e36af7beb62e978876f3b41e3e04f2c1fbf0884604c0a9c4d93c"},
    {file = "anyio-4.9.0.tar.gz", hash = "sha256:673c0c244e15788651a4ff38710fea9675823028a6f08a5eda409e0c9840a028"},
]

[package.dependencies]
idna = ">=2.8"
sniffio = ">=1.1"
typing_extensions = {version = ">=4.5", markers = "python_version < \"3.13\""}

[package.extras]
doc = ["Sphinx (>=8.2,<9.0)", "packaging", "sphinx-autodoc-typehints (>=1.2.0)", "sphinx_rtd_theme"]
test = ["anyio[trio]", "blockbuster (>=1.5.23)", "coverage[toml] (>=7)", "exceptiongroup (>=1.2.0)", "hypothesis (>=4.0)", "psutil (>=5.9)", "pytest (>=7.0)", "trustme", "truststore (>=0.9.1) ; python_version >= \"3.10\"", "uvloop (>=0.21) ; platform_python_implementation == \"CPython\" and platform_system != \"Windows\" and python_version < \"3.14\""]
trio = ["trio (>=0.26.1)"]

[[package]]
name = "attrs"
version = "25.3.0"
description = "Classes Without Boilerplate"
optional = false
python-versions = ">=3.8"
groups = ["main"]
files = [
    {file = "attrs-25.3.0-py3-none-any.whl", hash = "sha256:427318ce031701fea540783410126f03899a97ffc6f61596ad581ac2e40e3bc3"},
    {file = "attrs-25.3.0.tar.gz", hash = "sha256:75d7cefc7fb576747b2c81b4442d4d4a1ce0900973527c011d1030fd3bf4af1b"},
]

[package.extras]
benchmark = ["cloudpickle ; platform_python_implementation == \"CPython\"", "hypothesis", "mypy (>=1.11.1) ; platform_python_implementation == \"CPython\" and python_version >= \"3.10\"", "pympler", "pytest (>=4.3.0)", "pytest-codspeed", "pytest-mypy-plugins ; platform_python_implementation == \"CPython\" and python_version >= \"3.10\"", "pytest-xdist[psutil]"]
cov = ["cloudpickle ; platform_python_implementation == \"CPython\"", "coverage[toml] (>=5.3)", "hypothesis", "mypy (>=1.11.1) ; platform_python_implementation == \"CPython\" and python_version >= \"3.10\"", "pympler", "pytest (>=4.3.0)", "pytest-mypy-plugins ; platform_python_implementation == \"CPython\" and python_version >= \"3.10\"", "pytest-xdist[psutil]"]
dev = ["cloudpickle ; platform_python_implementation == \"CPython\"", "hypothesis", "mypy (>=1.11.1) ; platform_python_implementation == \"CPython\" and python_version >= \"3.10\"", "pre-commit-uv", "pympler", "pytest (>=4.3.0)", "pytest-mypy-plugins ; platform_python_implementation == \"CPython\" and python_version >= \"3.10\"", "pytest-xdist[psutil]"]
docs = ["cogapp", "furo", "myst-parser", "sphinx", "sphinx-notfound-page", "sphinxcontrib-towncrier", "towncrier"]
tests = ["cloudpickle ; platform_python_implementation == \"CPython\"", "hypothesis", "mypy (>=1.11.1) ; platform_python_implementation == \"CPython\" and python_version >= \"3.10\"", "pympler", "pytest (>=4.3.0)", "pytest-mypy-plugins ; platform_python_implementation == \"CPython\" and python_version >= \"3.10\"", "pytest-xdist[psutil]"]
tests-mypy = ["mypy (>=1.11.1) ; platform_python_implementation == \"CPython\" and python_version >= \"3.10\"", "pytest-mypy-plugins ; platform_python_implementation == \"CPython\" and python_version >= \"3.10\""]

[[package]]
name = "certifi"
version = "2025.6.15"
description = "Python package for providing Mozilla's CA Bundle."
optional = false
python-versions = ">=3.7"
groups = ["main"]
files = [
    {file = "certifi-2025.6.15-py3-none-any.whl", hash = "sha256:2e0c7ce7cb5d8f8634ca55d2ba7e6ec2689a2fd6537d8dec1296a477a4910057"},
    {file = "certifi-2025.6.15.tar.gz", hash = "sha256:d747aa5a8b9bbbb1bb8c22bb13e22bd1f18e9796defa16bab421f7f7a317323b"},
]

[[package]]
name = "colorama"
version = "0.4.6"
description = "Cross-platform colored terminal text."
optional = false
python-versions = "!=3.0.*,!=3.1.*,!=3.2.*,!=3.3.*,!=3.4.*,!=3.5.*,!=3.6.*,>=2.7"
groups = ["main"]
markers = "sys_platform == \"win32\""
files = [
    {file = "colorama-0.4.6-py2.py3-none-any.whl", hash = "sha256:4f1d9991f5acc0ca119f9d443620b77f9d6b33703e51011c16baf57afb285fc6"},
    {file = "colorama-0.4.6.tar.gz", hash = "sha256:08695f5cb7ed6e0531a20572697297273c47b8cae5a63ffc6d6ed5c201be6e44"},
]

[[package]]
name = "h11"
version = "0.16.0"
description = "A pure-Python, bring-your-own-I/O implementation of HTTP/1.1"
optional = false
python-versions = ">=3.8"
groups = ["main"]
files = [
    {file = "h11-0.16.0-py3-none-any.whl", hash = "sha256:63cf8bbe7522de3bf65932fda1d9c2772064ffb3dae62d55932da54b31cb6c86"},
    {file = "h11-0.16.0.tar.gz", hash = "sha256:4e35b956cf45792e4caa5885e69fba00bdbc6ffafbfa020300e549b208ee5ff1"},
]

[[package]]
name = "httpcore"
version = "1.0.9"
description = "A minimal low-level HTTP client."
optional = false
python-versions = ">=3.8"
groups = ["main"]
files = [
    {file = "httpcore-1.0.9-py3-none-any.whl", hash = "sha256:2d400746a40668fc9dec9810239072b40b4484b640a8c38fd654a024c7a1bf55"},
    {file = "httpcore-1.0.9.tar.gz", hash = "sha256:6e34463af53fd2ab5d807f399a9b45ea31c3dfa2276f15a2c3f00afff6e176e8"},
]

[package.dependencies]
certifi = "*"
h11 = ">=0.16"

[package.extras]
asyncio = ["anyio (>=4.0,<5.0)"]
http2 = ["h2 (>=3,<5)"]
socks = ["socksio (==1.*)"]
trio = ["trio (>=0.22.0,<1.0)"]

[[package]]
name = "httpx"
version = "0.28.1"
description = "The next generation HTTP client."
optional = false
python-versions = ">=3.8"
groups = ["main"]
files = [
    {file = "httpx-0.28.1-py3-none-any.whl", hash = "sha256:d909fcccc110f8c7faf814ca82a9a4d816bc5a6dbfea25d6591d6985b8ba59ad"},
    {file = "httpx-0.28.1.tar.gz", hash = "sha256:75e98c5f16b0f35b567856f597f06ff2270a374470a5c2392242528e3e3e42fc"},
]

[package.dependencies]
anyio = "*"
certifi = "*"
httpcore = "==1.*"
idna = "*"

[package.extras]
brotli = ["brotli ; platform_python_implementation == \"CPython\"", "brotlicffi ; platform_python_implementation != \"CPython\""]
cli = ["click (==8.*)", "pygments (==2.*)", "rich (>=10,<14)"]
http2 = ["h2 (>=3,<5)"]
socks = ["socksio (==1.*)"]
zstd = ["zstandard (>=0.18.0)"]

[[package]]
name = "idna"
version = "3.10"
description = "Internationalized Domain Names in Applications (IDNA)"
optional = false
python-versions = ">=3.6"
groups = ["main"]
files = [
    {file = "idna-3.10-py3-none-any.whl", hash = "sha256:946d195a0d259cbba61165e88e65941f16e9b36ea6ddb97f00452bae8b1287d3"},
    {file = "idna-3.10.tar.gz", hash = "sha256:12f65c9b470abda6dc35cf8e63cc574b1c52b11df2c86030af0ac09b01b13ea9"},
]

[package.extras]
all = ["flake8 (>=7.1.1)", "mypy (>=1.11.2)", "pytest (>=8.3.2)", "ruff (>=0.6.2)"]

[[package]]
name = "iniconfig"
version = "2.1.0"
description = "brain-dead simple config-ini parsing"
optional = false
python-versions = ">=3.8"
groups = ["main"]
files = [
    {file = "iniconfig-2.1.0-py3-none-any.whl", hash = "sha256:9deba5723312380e77435581c6bf4935c94cbfab9b1ed33ef8d238ea168eb760"},
    {file = "iniconfig-2.1.0.tar.gz", hash = "sha256:3abbd2e30b36733fee78f9c7f7308f2d0050e88f0087fd25c2645f63c773e1c7"},
]

[[package]]
name = "jaraco-context"
version = "6.0.1"
description = "Useful decorators and context managers"
optional = false
python-versions = ">=3.8"
groups = ["main"]
files = [
    {file = "jaraco.context-6.0.1-py3-none-any.whl", hash = "sha256:f797fc481b490edb305122c9181830a3a5b76d84ef6d1aef2fb9b47ab956f9e4"},
    {file = "jaraco_context-6.0.1.tar.gz", hash = "sha256:9bae4ea555cf0b14938dc0aee7c9f32ed303aa20a3b73e7dc80111628792d1b3"},
]

[package.extras]
doc = ["furo", "jaraco.packaging (>=9.3)", "jaraco.tidelift (>=1.4)", "rst.linker (>=1.9)", "sphinx (>=3.5)", "sphinx-lint"]
test = ["portend", "pytest (>=6,!=8.1.*)", "pytest-checkdocs (>=2.4)", "pytest-cov", "pytest-enabler (>=2.2)", "pytest-mypy", "pytest-ruff (>=0.2.1) ; sys_platform != \"cygwin\""]

[[package]]
name = "more-itertools"
version = "10.7.0"
description = "More routines for operating on iterables, beyond itertools"
optional = false
python-versions = ">=3.9"
groups = ["main"]
files = [
    {file = "more_itertools-10.7.0-py3-none-any.whl", hash = "sha256:d43980384673cb07d2f7d2d918c616b30c659c089ee23953f601d6609c67510e"},
    {file = "more_itertools-10.7.0.tar.gz", hash = "sha256:9fddd5403be01a94b204faadcff459ec3568cf110265d3c54323e1e866ad29d3"},
]

[[package]]
name = "mpmath"
version = "1.3.0"
description = "Python library for arbitrary-precision floating-point arithmetic"
optional = false
python-versions = "*"
groups = ["main"]
files = [
    {file = "mpmath-1.3.0-py3-none-any.whl", hash = "sha256:a0b2b9fe80bbcd81a6647ff13108738cfb482d481d826cc0e02f5b35e5c88d2c"},
    {file = "mpmath-1.3.0.tar.gz", hash = "sha256:7a28eb2a9774d00c7bc92411c19a89209d5da7c4c9a9e227be8330a23a25b91f"},
]

[package.extras]
develop = ["codecov", "pycodestyle", "pytest (>=4.6)", "pytest-cov", "wheel"]
docs = ["sphinx"]
gmpy = ["gmpy2 (>=2.1.0a4) ; platform_python_implementation != \"PyPy\""]
tests = ["pytest (>=4.6)"]

[[package]]
name = "multidict"
version = "6.6.3"
description = "multidict implementation"
optional = false
python-versions = ">=3.9"
groups = ["main"]
files = [
    {file = "multidict-6.6.3-cp310-cp310-macosx_10_9_universal2.whl", hash = "sha256:a2be5b7b35271f7fff1397204ba6708365e3d773579fe2a30625e16c4b4ce817"},
    {file = "multidict-6.6.3-cp310-cp310-macosx_10_9_x86_64.whl", hash = "sha256:12f4581d2930840295c461764b9a65732ec01250b46c6b2c510d7ee68872b140"},
    {file = "multidict-6.6.3-cp310-cp310-macosx_11_0_arm64.whl", hash = "sha256:dd7793bab517e706c9ed9d7310b06c8672fd0aeee5781bfad612f56b8e0f7d14"},
    {file = "multidict-6.6.3-cp310-cp310-manylinux1_i686.manylinux2014_i686.manylinux_2_17_i686.manylinux_2_5_i686.whl", hash = "sha256:72d8815f2cd3cf3df0f83cac3f3ef801d908b2d90409ae28102e0553af85545a"},
    {file = "multidict-6.6.3-cp310-cp310-manylinux2014_aarch64.manylinux_2_17_aarch64.manylinux_2_28_aarch64.whl", hash = "sha256:531e331a2ee53543ab32b16334e2deb26f4e6b9b28e41f8e0c87e99a6c8e2d69"},
    {file = "multidict-6.6.3-cp310-cp310-manylinux2014_armv7l.manylinux_2_17_armv7l.manylinux_2_31_armv7l.whl", hash = "sha256:42ca5aa9329a63be8dc49040f63817d1ac980e02eeddba763a9ae5b4027b9c9c"},
    {file = "multidict-6.6.3-cp310-cp310-manylinux2014_ppc64le.manylinux_2_17_ppc64le.manylinux_2_28_ppc64le.whl", hash = "sha256:208b9b9757060b9faa6f11ab4bc52846e4f3c2fb8b14d5680c8aac80af3dc751"},
    {file = "multidict-6.6.3-cp310-cp310-manylinux2014_s390x.manylinux_2_17_s390x.manylinux_2_28_s390x.whl", hash = "sha256:acf6b97bd0884891af6a8b43d0f586ab2fcf8e717cbd47ab4bdddc09e20652d8"},
    {file = "multidict-6.6.3-cp310-cp310-manylinux2014_x86_64.manylinux_2_17_x86_64.manylinux_2_28_x86_64.whl", hash = "sha256:68e9e12ed00e2089725669bdc88602b0b6f8d23c0c95e52b95f0bc69f7fe9b55"},
    {file = "multidict-6.6.3-cp310-cp310-musllinux_1_2_aarch64.whl", hash = "sha256:05db2f66c9addb10cfa226e1acb363450fab2ff8a6df73c622fefe2f5af6d4e7"},
    {file = "multidict-6.6.3-cp310-cp310-musllinux_1_2_armv7l.whl", hash = "sha256:0db58da8eafb514db832a1b44f8fa7906fdd102f7d982025f816a93ba45e3dcb"},
    {file = "multidict-6.6.3-cp310-cp310-musllinux_1_2_i686.whl", hash = "sha256:14117a41c8fdb3ee19c743b1c027da0736fdb79584d61a766da53d399b71176c"},
    {file = "multidict-6.6.3-cp310-cp310-musllinux_1_2_ppc64le.whl", hash = "sha256:877443eaaabcd0b74ff32ebeed6f6176c71850feb7d6a1d2db65945256ea535c"},
    {file = "multidict-6.6.3-cp310-cp310-musllinux_1_2_s390x.whl", hash = "sha256:70b72e749a4f6e7ed8fb334fa8d8496384840319512746a5f42fa0aec79f4d61"},
    {file = "multidict-6.6.3-cp310-cp310-musllinux_1_2_x86_64.whl", hash = "sha256:43571f785b86afd02b3855c5ac8e86ec921b760298d6f82ff2a61daf5a35330b"},
    {file = "multidict-6.6.3-cp310-cp310-win32.whl", hash = "sha256:20c5a0c3c13a15fd5ea86c42311859f970070e4e24de5a550e99d7c271d76318"},
    {file = "multidict-6.6.3-cp310-cp310-win_amd64.whl", hash = "sha256:ab0a34a007704c625e25a9116c6770b4d3617a071c8a7c30cd338dfbadfe6485"},
    {file = "multidict-6.6.3-cp310-cp310-win_arm64.whl", hash = "sha256:769841d70ca8bdd140a715746199fc6473414bd02efd678d75681d2d6a8986c5"},
    {file = "multidict-6.6.3-cp311-cp311-macosx_10_9_universal2.whl", hash = "sha256:18f4eba0cbac3546b8ae31e0bbc55b02c801ae3cbaf80c247fcdd89b456ff58c"},
    {file = "multidict-6.6.3-cp311-cp311-macosx_10_9_x86_64.whl", hash = "sha256:ef43b5dd842382329e4797c46f10748d8c2b6e0614f46b4afe4aee9ac33159df"},
    {file = "multidict-6.6.3-cp311-cp311-macosx_11_0_arm64.whl", hash = "sha256:bf9bd1fd5eec01494e0f2e8e446a74a85d5e49afb63d75a9934e4a5423dba21d"},
    {file = "multidict-6.6.3-cp311-cp311-manylinux1_i686.manylinux2014_i686.manylinux_2_17_i686.manylinux_2_5_i686.whl", hash = "sha256:5bd8d6f793a787153956cd35e24f60485bf0651c238e207b9a54f7458b16d539"},
    {file = "multidict-6.6.3-cp311-cp311-manylinux2014_aarch64.manylinux_2_17_aarch64.manylinux_2_28_aarch64.whl", hash = "sha256:1bf99b4daf908c73856bd87ee0a2499c3c9a3d19bb04b9c6025e66af3fd07462"},
    {file = "multidict-6.6.3-cp311-cp311-manylinux2014_armv7l.manylinux_2_17_armv7l.manylinux_2_31_armv7l.whl", hash = "sha256:0b9e59946b49dafaf990fd9c17ceafa62976e8471a14952163d10a7a630413a9"},
    {file = "multidict-6.6.3-cp311-cp311-manylinux2014_ppc64le.manylinux_2_17_ppc64le.manylinux_2_28_ppc64le.whl", hash = "sha256:e2db616467070d0533832d204c54eea6836a5e628f2cb1e6dfd8cd6ba7277cb7"},
    {file = "multidict-6.6.3-cp311-cp311-manylinux2014_s390x.manylinux_2_17_s390x.manylinux_2_28_s390x.whl", hash = "sha256:7394888236621f61dcdd25189b2768ae5cc280f041029a5bcf1122ac63df79f9"},
    {file = "multidict-6.6.3-cp311-cp311-manylinux2014_x86_64.manylinux_2_17_x86_64.manylinux_2_28_x86_64.whl", hash = "sha256:f114d8478733ca7388e7c7e0ab34b72547476b97009d643644ac33d4d3fe1821"},
    {file = "multidict-6.6.3-cp311-cp311-musllinux_1_2_aarch64.whl", hash = "sha256:cdf22e4db76d323bcdc733514bf732e9fb349707c98d341d40ebcc6e9318ef3d"},
    {file = "multidict-6.6.3-cp311-cp311-musllinux_1_2_armv7l.whl", hash = "sha256:e995a34c3d44ab511bfc11aa26869b9d66c2d8c799fa0e74b28a473a692532d6"},
    {file = "multidict-6.6.3-cp311-cp311-musllinux_1_2_i686.whl", hash = "sha256:766a4a5996f54361d8d5a9050140aa5362fe48ce51c755a50c0bc3706460c430"},
    {file = "multidict-6.6.3-cp311-cp311-musllinux_1_2_ppc64le.whl", hash = "sha256:3893a0d7d28a7fe6ca7a1f760593bc13038d1d35daf52199d431b61d2660602b"},
    {file = "multidict-6.6.3-cp311-cp311-musllinux_1_2_s390x.whl", hash = "sha256:934796c81ea996e61914ba58064920d6cad5d99140ac3167901eb932150e2e56"},
    {file = "multidict-6.6.3-cp311-cp311-musllinux_1_2_x86_64.whl", hash = "sha256:9ed948328aec2072bc00f05d961ceadfd3e9bfc2966c1319aeaf7b7c21219183"},
    {file = "multidict-6.6.3-cp311-cp311-win32.whl", hash = "sha256:9f5b28c074c76afc3e4c610c488e3493976fe0e596dd3db6c8ddfbb0134dcac5"},
    {file = "multidict-6.6.3-cp311-cp311-win_amd64.whl", hash = "sha256:bc7f6fbc61b1c16050a389c630da0b32fc6d4a3d191394ab78972bf5edc568c2"},
    {file = "multidict-6.6.3-cp311-cp311-win_arm64.whl", hash = "sha256:d4e47d8faffaae822fb5cba20937c048d4f734f43572e7079298a6c39fb172cb"},
    {file = "multidict-6.6.3-cp312-cp312-macosx_10_13_universal2.whl", hash = "sha256:056bebbeda16b2e38642d75e9e5310c484b7c24e3841dc0fb943206a72ec89d6"},
    {file = "multidict-6.6.3-cp312-cp312-macosx_10_13_x86_64.whl", hash = "sha256:e5f481cccb3c5c5e5de5d00b5141dc589c1047e60d07e85bbd7dea3d4580d63f"},
    {file = "multidict-6.6.3-cp312-cp312-macosx_11_0_arm64.whl", hash = "sha256:10bea2ee839a759ee368b5a6e47787f399b41e70cf0c20d90dfaf4158dfb4e55"},
    {file = "multidict-6.6.3-cp312-cp312-manylinux1_i686.manylinux2014_i686.manylinux_2_17_i686.manylinux_2_5_i686.whl", hash = "sha256:2334cfb0fa9549d6ce2c21af2bfbcd3ac4ec3646b1b1581c88e3e2b1779ec92b"},
    {file = "multidict-6.6.3-cp312-cp312-manylinux2014_aarch64.manylinux_2_17_aarch64.manylinux_2_28_aarch64.whl", hash = "sha256:b8fee016722550a2276ca2cb5bb624480e0ed2bd49125b2b73b7010b9090e888"},
    {file = "multidict-6.6.3-cp312-cp312-manylinux2014_armv7l.manylinux_2_17_armv7l.manylinux_2_31_armv7l.whl", hash = "sha256:e5511cb35f5c50a2db21047c875eb42f308c5583edf96bd8ebf7d770a9d68f6d"},
    {file = "multidict-6.6.3-cp312-cp312-manylinux2014_ppc64le.manylinux_2_17_ppc64le.manylinux_2_28_ppc64le.whl", hash = "sha256:712b348f7f449948e0a6c4564a21c7db965af900973a67db432d724619b3c680"},
    {file = "multidict-6.6.3-cp312-cp312-manylinux2014_s390x.manylinux_2_17_s390x.manylinux_2_28_s390x.whl", hash = "sha256:e4e15d2138ee2694e038e33b7c3da70e6b0ad8868b9f8094a72e1414aeda9c1a"},
    {file = "multidict-6.6.3-cp312-cp312-manylinux2014_x86_64.manylinux_2_17_x86_64.manylinux_2_28_x86_64.whl", hash = "sha256:8df25594989aebff8a130f7899fa03cbfcc5d2b5f4a461cf2518236fe6f15961"},
    {file = "multidict-6.6.3-cp312-cp312-musllinux_1_2_aarch64.whl", hash = "sha256:159ca68bfd284a8860f8d8112cf0521113bffd9c17568579e4d13d1f1dc76b65"},
    {file = "multidict-6.6.3-cp312-cp312-musllinux_1_2_armv7l.whl", hash = "sha256:e098c17856a8c9ade81b4810888c5ad1914099657226283cab3062c0540b0643"},
    {file = "multidict-6.6.3-cp312-cp312-musllinux_1_2_i686.whl", hash = "sha256:67c92ed673049dec52d7ed39f8cf9ebbadf5032c774058b4406d18c8f8fe7063"},
    {file = "multidict-6.6.3-cp312-cp312-musllinux_1_2_ppc64le.whl", hash = "sha256:bd0578596e3a835ef451784053cfd327d607fc39ea1a14812139339a18a0dbc3"},
    {file = "multidict-6.6.3-cp312-cp312-musllinux_1_2_s390x.whl", hash = "sha256:346055630a2df2115cd23ae271910b4cae40f4e336773550dca4889b12916e75"},
    {file = "multidict-6.6.3-cp312-cp312-musllinux_1_2_x86_64.whl", hash = "sha256:555ff55a359302b79de97e0468e9ee80637b0de1fce77721639f7cd9440b3a10"},
    {file = "multidict-6.6.3-cp312-cp312-win32.whl", hash = "sha256:73ab034fb8d58ff85c2bcbadc470efc3fafeea8affcf8722855fb94557f14cc5"},
    {file = "multidict-6.6.3-cp312-cp312-win_amd64.whl", hash = "sha256:04cbcce84f63b9af41bad04a54d4cc4e60e90c35b9e6ccb130be2d75b71f8c17"},
    {file = "multidict-6.6.3-cp312-cp312-win_arm64.whl", hash = "sha256:0f1130b896ecb52d2a1e615260f3ea2af55fa7dc3d7c3003ba0c3121a759b18b"},
    {file = "multidict-6.6.3-cp313-cp313-macosx_10_13_universal2.whl", hash = "sha256:540d3c06d48507357a7d57721e5094b4f7093399a0106c211f33540fdc374d55"},
    {file = "multidict-6.6.3-cp313-cp313-macosx_10_13_x86_64.whl", hash = "sha256:9c19cea2a690f04247d43f366d03e4eb110a0dc4cd1bbeee4d445435428ed35b"},
    {file = "multidict-6.6.3-cp313-cp313-macosx_11_0_arm64.whl", hash = "sha256:7af039820cfd00effec86bda5d8debef711a3e86a1d3772e85bea0f243a4bd65"},
    {file = "multidict-6.6.3-cp313-cp313-manylinux1_i686.manylinux2014_i686.manylinux_2_17_i686.manylinux_2_5_i686.whl", hash = "sha256:500b84f51654fdc3944e936f2922114349bf8fdcac77c3092b03449f0e5bc2b3"},
    {file = "multidict-6.6.3-cp313-cp313-manylinux2014_aarch64.manylinux_2_17_aarch64.manylinux_2_28_aarch64.whl", hash = "sha256:f3fc723ab8a5c5ed6c50418e9bfcd8e6dceba6c271cee6728a10a4ed8561520c"},
    {file = "multidict-6.6.3-cp313-cp313-manylinux2014_armv7l.manylinux_2_17_armv7l.manylinux_2_31_armv7l.whl", hash = "sha256:94c47ea3ade005b5976789baaed66d4de4480d0a0bf31cef6edaa41c1e7b56a6"},
    {file = "multidict-6.6.3-cp313-cp313-manylinux2014_ppc64le.manylinux_2_17_ppc64le.manylinux_2_28_ppc64le.whl", hash = "sha256:dbc7cf464cc6d67e83e136c9f55726da3a30176f020a36ead246eceed87f1cd8"},
    {file = "multidict-6.6.3-cp313-cp313-manylinux2014_s390x.manylinux_2_17_s390x.manylinux_2_28_s390x.whl", hash = "sha256:900eb9f9da25ada070f8ee4a23f884e0ee66fe4e1a38c3af644256a508ad81ca"},
    {file = "multidict-6.6.3-cp313-cp313-manylinux2014_x86_64.manylinux_2_17_x86_64.manylinux_2_28_x86_64.whl", hash = "sha256:7c6df517cf177da5d47ab15407143a89cd1a23f8b335f3a28d57e8b0a3dbb884"},
    {file = "multidict-6.6.3-cp313-cp313-musllinux_1_2_aarch64.whl", hash = "sha256:4ef421045f13879e21c994b36e728d8e7d126c91a64b9185810ab51d474f27e7"},
    {file = "multidict-6.6.3-cp313-cp313-musllinux_1_2_armv7l.whl", hash = "sha256:6c1e61bb4f80895c081790b6b09fa49e13566df8fbff817da3f85b3a8192e36b"},
    {file = "multidict-6.6.3-cp313-cp313-musllinux_1_2_i686.whl", hash = "sha256:e5e8523bb12d7623cd8300dbd91b9e439a46a028cd078ca695eb66ba31adee3c"},
    {file = "multidict-6.6.3-cp313-cp313-musllinux_1_2_ppc64le.whl", hash = "sha256:ef58340cc896219e4e653dade08fea5c55c6df41bcc68122e3be3e9d873d9a7b"},
    {file = "multidict-6.6.3-cp313-cp313-musllinux_1_2_s390x.whl", hash = "sha256:fc9dc435ec8699e7b602b94fe0cd4703e69273a01cbc34409af29e7820f777f1"},
    {file = "multidict-6.6.3-cp313-cp313-musllinux_1_2_x86_64.whl", hash = "sha256:9e864486ef4ab07db5e9cb997bad2b681514158d6954dd1958dfb163b83d53e6"},
    {file = "multidict-6.6.3-cp313-cp313-win32.whl", hash = "sha256:5633a82fba8e841bc5c5c06b16e21529573cd654f67fd833650a215520a6210e"},
    {file = "multidict-6.6.3-cp313-cp313-win_amd64.whl", hash = "sha256:e93089c1570a4ad54c3714a12c2cef549dc9d58e97bcded193d928649cab78e9"},
    {file = "multidict-6.6.3-cp313-cp313-win_arm64.whl", hash = "sha256:c60b401f192e79caec61f166da9c924e9f8bc65548d4246842df91651e83d600"},
    {file = "multidict-6.6.3-cp313-cp313t-macosx_10_13_universal2.whl", hash = "sha256:02fd8f32d403a6ff13864b0851f1f523d4c988051eea0471d4f1fd8010f11134"},
    {file = "multidict-6.6.3-cp313-cp313t-macosx_10_13_x86_64.whl", hash = "sha256:f3aa090106b1543f3f87b2041eef3c156c8da2aed90c63a2fbed62d875c49c37"},
    {file = "multidict-6.6.3-cp313-cp313t-macosx_11_0_arm64.whl", hash = "sha256:e924fb978615a5e33ff644cc42e6aa241effcf4f3322c09d4f8cebde95aff5f8"},
    {file = "multidict-6.6.3-cp313-cp313t-manylinux1_i686.manylinux2014_i686.manylinux_2_17_i686.manylinux_2_5_i686.whl", hash = "sha256:b9fe5a0e57c6dbd0e2ce81ca66272282c32cd11d31658ee9553849d91289e1c1"},
    {file = "multidict-6.6.3-cp313-cp313t-manylinux2014_aarch64.manylinux_2_17_aarch64.manylinux_2_28_aarch64.whl", hash = "sha256:b24576f208793ebae00280c59927c3b7c2a3b1655e443a25f753c4611bc1c373"},
    {file = "multidict-6.6.3-cp313-cp313t-manylinux2014_armv7l.manylinux_2_17_armv7l.manylinux_2_31_armv7l.whl", hash = "sha256:135631cb6c58eac37d7ac0df380294fecdc026b28837fa07c02e459c7fb9c54e"},
    {file = "multidict-6.6.3-cp313-cp313t-manylinux2014_ppc64le.manylinux_2_17_ppc64le.manylinux_2_28_ppc64le.whl", hash = "sha256:274d416b0df887aef98f19f21578653982cfb8a05b4e187d4a17103322eeaf8f"},
    {file = "multidict-6.6.3-cp313-cp313t-manylinux2014_s390x.manylinux_2_17_s390x.manylinux_2_28_s390x.whl", hash = "sha256:e252017a817fad7ce05cafbe5711ed40faeb580e63b16755a3a24e66fa1d87c0"},
    {file = "multidict-6.6.3-cp313-cp313t-manylinux2014_x86_64.manylinux_2_17_x86_64.manylinux_2_28_x86_64.whl", hash = "sha256:2e4cc8d848cd4fe1cdee28c13ea79ab0ed37fc2e89dd77bac86a2e7959a8c3bc"},
    {file = "multidict-6.6.3-cp313-cp313t-musllinux_1_2_aarch64.whl", hash = "sha256:9e236a7094b9c4c1b7585f6b9cca34b9d833cf079f7e4c49e6a4a6ec9bfdc68f"},
    {file = "multidict-6.6.3-cp313-cp313t-musllinux_1_2_armv7l.whl", hash = "sha256:e0cb0ab69915c55627c933f0b555a943d98ba71b4d1c57bc0d0a66e2567c7471"},
    {file = "multidict-6.6.3-cp313-cp313t-musllinux_1_2_i686.whl", hash = "sha256:81ef2f64593aba09c5212a3d0f8c906a0d38d710a011f2f42759704d4557d3f2"},
    {file = "multidict-6.6.3-cp313-cp313t-musllinux_1_2_ppc64le.whl", hash = "sha256:b9cbc60010de3562545fa198bfc6d3825df430ea96d2cc509c39bd71e2e7d648"},
    {file = "multidict-6.6.3-cp313-cp313t-musllinux_1_2_s390x.whl", hash = "sha256:70d974eaaa37211390cd02ef93b7e938de564bbffa866f0b08d07e5e65da783d"},
    {file = "multidict-6.6.3-cp313-cp313t-musllinux_1_2_x86_64.whl", hash = "sha256:3713303e4a6663c6d01d648a68f2848701001f3390a030edaaf3fc949c90bf7c"},
    {file = "multidict-6.6.3-cp313-cp313t-win32.whl", hash = "sha256:639ecc9fe7cd73f2495f62c213e964843826f44505a3e5d82805aa85cac6f89e"},
    {file = "multidict-6.6.3-cp313-cp313t-win_amd64.whl", hash = "sha256:9f97e181f344a0ef3881b573d31de8542cc0dbc559ec68c8f8b5ce2c2e91646d"},
    {file = "multidict-6.6.3-cp313-cp313t-win_arm64.whl", hash = "sha256:ce8b7693da41a3c4fde5871c738a81490cea5496c671d74374c8ab889e1834fb"},
    {file = "multidict-6.6.3-cp39-cp39-macosx_10_9_universal2.whl", hash = "sha256:c8161b5a7778d3137ea2ee7ae8a08cce0010de3b00ac671c5ebddeaa17cefd22"},
    {file = "multidict-6.6.3-cp39-cp39-macosx_10_9_x86_64.whl", hash = "sha256:1328201ee930f069961ae707d59c6627ac92e351ed5b92397cf534d1336ce557"},
    {file = "multidict-6.6.3-cp39-cp39-macosx_11_0_arm64.whl", hash = "sha256:b1db4d2093d6b235de76932febf9d50766cf49a5692277b2c28a501c9637f616"},
    {file = "multidict-6.6.3-cp39-cp39-manylinux1_i686.manylinux2014_i686.manylinux_2_17_i686.manylinux_2_5_i686.whl", hash = "sha256:53becb01dd8ebd19d1724bebe369cfa87e4e7f29abbbe5c14c98ce4c383e16cd"},
    {file = "multidict-6.6.3-cp39-cp39-manylinux2014_aarch64.manylinux_2_17_aarch64.manylinux_2_28_aarch64.whl", hash = "sha256:41bb9d1d4c303886e2d85bade86e59885112a7f4277af5ad47ab919a2251f306"},
    {file = "multidict-6.6.3-cp39-cp39-manylinux2014_armv7l.manylinux_2_17_armv7l.manylinux_2_31_armv7l.whl", hash = "sha256:775b464d31dac90f23192af9c291dc9f423101857e33e9ebf0020a10bfcf4144"},
    {file = "multidict-6.6.3-cp39-cp39-manylinux2014_ppc64le.manylinux_2_17_ppc64le.manylinux_2_28_ppc64le.whl", hash = "sha256:d04d01f0a913202205a598246cf77826fe3baa5a63e9f6ccf1ab0601cf56eca0"},
    {file = "multidict-6.6.3-cp39-cp39-manylinux2014_s390x.manylinux_2_17_s390x.manylinux_2_28_s390x.whl", hash = "sha256:d25594d3b38a2e6cabfdcafef339f754ca6e81fbbdb6650ad773ea9775af35ab"},
    {file = "multidict-6.6.3-cp39-cp39-manylinux2014_x86_64.manylinux_2_17_x86_64.manylinux_2_28_x86_64.whl", hash = "sha256:35712f1748d409e0707b165bf49f9f17f9e28ae85470c41615778f8d4f7d9609"},
    {file = "multidict-6.6.3-cp39-cp39-musllinux_1_2_aarch64.whl", hash = "sha256:1c8082e5814b662de8589d6a06c17e77940d5539080cbab9fe6794b5241b76d9"},
    {file = "multidict-6.6.3-cp39-cp39-musllinux_1_2_armv7l.whl", hash = "sha256:61af8a4b771f1d4d000b3168c12c3120ccf7284502a94aa58c68a81f5afac090"},
    {file = "multidict-6.6.3-cp39-cp39-musllinux_1_2_i686.whl", hash = "sha256:448e4a9afccbf297577f2eaa586f07067441e7b63c8362a3540ba5a38dc0f14a"},
    {file = "multidict-6.6.3-cp39-cp39-musllinux_1_2_ppc64le.whl", hash = "sha256:233ad16999afc2bbd3e534ad8dbe685ef8ee49a37dbc2cdc9514e57b6d589ced"},
    {file = "multidict-6.6.3-cp39-cp39-musllinux_1_2_s390x.whl", hash = "sha256:bb933c891cd4da6bdcc9733d048e994e22e1883287ff7540c2a0f3b117605092"},
    {file = "multidict-6.6.3-cp39-cp39-musllinux_1_2_x86_64.whl", hash = "sha256:37b09ca60998e87734699e88c2363abfd457ed18cfbf88e4009a4e83788e63ed"},
    {file = "multidict-6.6.3-cp39-cp39-win32.whl", hash = "sha256:f54cb79d26d0cd420637d184af38f0668558f3c4bbe22ab7ad830e67249f2e0b"},
    {file = "multidict-6.6.3-cp39-cp39-win_amd64.whl", hash = "sha256:295adc9c0551e5d5214b45cf29ca23dbc28c2d197a9c30d51aed9e037cb7c578"},
    {file = "multidict-6.6.3-cp39-cp39-win_arm64.whl", hash = "sha256:15332783596f227db50fb261c2c251a58ac3873c457f3a550a95d5c0aa3c770d"},
    {file = "multidict-6.6.3-py3-none-any.whl", hash = "sha256:8db10f29c7541fc5da4defd8cd697e1ca429db743fa716325f236079b96f775a"},
    {file = "multidict-6.6.3.tar.gz", hash = "sha256:798a9eb12dab0a6c2e29c1de6f3468af5cb2da6053a20dfa3344907eed0937cc"},
]

[[package]]
name = "numpy"
version = "2.3.1"
description = "Fundamental package for array computing in Python"
optional = false
python-versions = ">=3.11"
groups = ["main"]
files = [
    {file = "numpy-2.3.1-cp311-cp311-macosx_10_9_x86_64.whl", hash = "sha256:6ea9e48336a402551f52cd8f593343699003d2353daa4b72ce8d34f66b722070"},
    {file = "numpy-2.3.1-cp311-cp311-macosx_11_0_arm64.whl", hash = "sha256:5ccb7336eaf0e77c1635b232c141846493a588ec9ea777a7c24d7166bb8533ae"},
    {file = "numpy-2.3.1-cp311-cp311-macosx_14_0_arm64.whl", hash = "sha256:0bb3a4a61e1d327e035275d2a993c96fa786e4913aa089843e6a2d9dd205c66a"},
    {file = "numpy-2.3.1-cp311-cp311-macosx_14_0_x86_64.whl", hash = "sha256:e344eb79dab01f1e838ebb67aab09965fb271d6da6b00adda26328ac27d4a66e"},
    {file = "numpy-2.3.1-cp311-cp311-manylinux_2_28_aarch64.whl", hash = "sha256:467db865b392168ceb1ef1ffa6f5a86e62468c43e0cfb4ab6da667ede10e58db"},
    {file = "numpy-2.3.1-cp311-cp311-manylinux_2_28_x86_64.whl", hash = "sha256:afed2ce4a84f6b0fc6c1ce734ff368cbf5a5e24e8954a338f3bdffa0718adffb"},
    {file = "numpy-2.3.1-cp311-cp311-musllinux_1_2_aarch64.whl", hash = "sha256:0025048b3c1557a20bc80d06fdeb8cc7fc193721484cca82b2cfa072fec71a93"},
    {file = "numpy-2.3.1-cp311-cp311-musllinux_1_2_x86_64.whl", hash = "sha256:a5ee121b60aa509679b682819c602579e1df14a5b07fe95671c8849aad8f2115"},
    {file = "numpy-2.3.1-cp311-cp311-win32.whl", hash = "sha256:a8b740f5579ae4585831b3cf0e3b0425c667274f82a484866d2adf9570539369"},
    {file = "numpy-2.3.1-cp311-cp311-win_amd64.whl", hash = "sha256:d4580adadc53311b163444f877e0789f1c8861e2698f6b2a4ca852fda154f3ff"},
    {file = "numpy-2.3.1-cp311-cp311-win_arm64.whl", hash = "sha256:ec0bdafa906f95adc9a0c6f26a4871fa753f25caaa0e032578a30457bff0af6a"},
    {file = "numpy-2.3.1-cp312-cp312-macosx_10_13_x86_64.whl", hash = "sha256:2959d8f268f3d8ee402b04a9ec4bb7604555aeacf78b360dc4ec27f1d508177d"},
    {file = "numpy-2.3.1-cp312-cp312-macosx_11_0_arm64.whl", hash = "sha256:762e0c0c6b56bdedfef9a8e1d4538556438288c4276901ea008ae44091954e29"},
    {file = "numpy-2.3.1-cp312-cp312-macosx_14_0_arm64.whl", hash = "sha256:867ef172a0976aaa1f1d1b63cf2090de8b636a7674607d514505fb7276ab08fc"},
    {file = "numpy-2.3.1-cp312-cp312-macosx_14_0_x86_64.whl", hash = "sha256:4e602e1b8682c2b833af89ba641ad4176053aaa50f5cacda1a27004352dde943"},
    {file = "numpy-2.3.1-cp312-cp312-manylinux_2_28_aarch64.whl", hash = "sha256:8e333040d069eba1652fb08962ec5b76af7f2c7bce1df7e1418c8055cf776f25"},
    {file = "numpy-2.3.1-cp312-cp312-manylinux_2_28_x86_64.whl", hash = "sha256:e7cbf5a5eafd8d230a3ce356d892512185230e4781a361229bd902ff403bc660"},
    {file = "numpy-2.3.1-cp312-cp312-musllinux_1_2_aarch64.whl", hash = "sha256:5f1b8f26d1086835f442286c1d9b64bb3974b0b1e41bb105358fd07d20872952"},
    {file = "numpy-2.3.1-cp312-cp312-musllinux_1_2_x86_64.whl", hash = "sha256:ee8340cb48c9b7a5899d1149eece41ca535513a9698098edbade2a8e7a84da77"},
    {file = "numpy-2.3.1-cp312-cp312-win32.whl", hash = "sha256:e772dda20a6002ef7061713dc1e2585bc1b534e7909b2030b5a46dae8ff077ab"},
    {file = "numpy-2.3.1-cp312-cp312-win_amd64.whl", hash = "sha256:cfecc7822543abdea6de08758091da655ea2210b8ffa1faf116b940693d3df76"},
    {file = "numpy-2.3.1-cp312-cp312-win_arm64.whl", hash = "sha256:7be91b2239af2658653c5bb6f1b8bccafaf08226a258caf78ce44710a0160d30"},
    {file = "numpy-2.3.1-cp313-cp313-macosx_10_13_x86_64.whl", hash = "sha256:25a1992b0a3fdcdaec9f552ef10d8103186f5397ab45e2d25f8ac51b1a6b97e8"},
    {file = "numpy-2.3.1-cp313-cp313-macosx_11_0_arm64.whl", hash = "sha256:7dea630156d39b02a63c18f508f85010230409db5b2927ba59c8ba4ab3e8272e"},
    {file = "numpy-2.3.1-cp313-cp313-macosx_14_0_arm64.whl", hash = "sha256:bada6058dd886061f10ea15f230ccf7dfff40572e99fef440a4a857c8728c9c0"},
    {file = "numpy-2.3.1-cp313-cp313-macosx_14_0_x86_64.whl", hash = "sha256:a894f3816eb17b29e4783e5873f92faf55b710c2519e5c351767c51f79d8526d"},
    {file = "numpy-2.3.1-cp313-cp313-manylinux_2_28_aarch64.whl", hash = "sha256:18703df6c4a4fee55fd3d6e5a253d01c5d33a295409b03fda0c86b3ca2ff41a1"},
    {file = "numpy-2.3.1-cp313-cp313-manylinux_2_28_x86_64.whl", hash = "sha256:5902660491bd7a48b2ec16c23ccb9124b8abfd9583c5fdfa123fe6b421e03de1"},
    {file = "numpy-2.3.1-cp313-cp313-musllinux_1_2_aarch64.whl", hash = "sha256:36890eb9e9d2081137bd78d29050ba63b8dab95dff7912eadf1185e80074b2a0"},
    {file = "numpy-2.3.1-cp313-cp313-musllinux_1_2_x86_64.whl", hash = "sha256:a780033466159c2270531e2b8ac063704592a0bc62ec4a1b991c7c40705eb0e8"},
    {file = "numpy-2.3.1-cp313-cp313-win32.whl", hash = "sha256:39bff12c076812595c3a306f22bfe49919c5513aa1e0e70fac756a0be7c2a2b8"},
    {file = "numpy-2.3.1-cp313-cp313-win_amd64.whl", hash = "sha256:8d5ee6eec45f08ce507a6570e06f2f879b374a552087a4179ea7838edbcbfa42"},
    {file = "numpy-2.3.1-cp313-cp313-win_arm64.whl", hash = "sha256:0c4d9e0a8368db90f93bd192bfa771ace63137c3488d198ee21dfb8e7771916e"},
    {file = "numpy-2.3.1-cp313-cp313t-macosx_10_13_x86_64.whl", hash = "sha256:b0b5397374f32ec0649dd98c652a1798192042e715df918c20672c62fb52d4b8"},
    {file = "numpy-2.3.1-cp313-cp313t-macosx_11_0_arm64.whl", hash = "sha256:c5bdf2015ccfcee8253fb8be695516ac4457c743473a43290fd36eba6a1777eb"},
    {file = "numpy-2.3.1-cp313-cp313t-macosx_14_0_arm64.whl", hash = "sha256:d70f20df7f08b90a2062c1f07737dd340adccf2068d0f1b9b3d56e2038979fee"},
    {file = "numpy-2.3.1-cp313-cp313t-macosx_14_0_x86_64.whl", hash = "sha256:2fb86b7e58f9ac50e1e9dd1290154107e47d1eef23a0ae9145ded06ea606f992"},
    {file = "numpy-2.3.1-cp313-cp313t-manylinux_2_28_aarch64.whl", hash = "sha256:23ab05b2d241f76cb883ce8b9a93a680752fbfcbd51c50eff0b88b979e471d8c"},
    {file = "numpy-2.3.1-cp313-cp313t-manylinux_2_28_x86_64.whl", hash = "sha256:ce2ce9e5de4703a673e705183f64fd5da5bf36e7beddcb63a25ee2286e71ca48"},
    {file = "numpy-2.3.1-cp313-cp313t-musllinux_1_2_aarch64.whl", hash = "sha256:c4913079974eeb5c16ccfd2b1f09354b8fed7e0d6f2cab933104a09a6419b1ee"},
    {file = "numpy-2.3.1-cp313-cp313t-musllinux_1_2_x86_64.whl", hash = "sha256:010ce9b4f00d5c036053ca684c77441f2f2c934fd23bee058b4d6f196efd8280"},
    {file = "numpy-2.3.1-cp313-cp313t-win32.whl", hash = "sha256:6269b9edfe32912584ec496d91b00b6d34282ca1d07eb10e82dfc780907d6c2e"},
    {file = "numpy-2.3.1-cp313-cp313t-win_amd64.whl", hash = "sha256:2a809637460e88a113e186e87f228d74ae2852a2e0c44de275263376f17b5bdc"},
    {file = "numpy-2.3.1-cp313-cp313t-win_arm64.whl", hash = "sha256:eccb9a159db9aed60800187bc47a6d3451553f0e1b08b068d8b277ddfbb9b244"},
    {file = "numpy-2.3.1-pp311-pypy311_pp73-macosx_10_15_x86_64.whl", hash = "sha256:ad506d4b09e684394c42c966ec1527f6ebc25da7f4da4b1b056606ffe446b8a3"},
    {file = "numpy-2.3.1-pp311-pypy311_pp73-macosx_14_0_arm64.whl", hash = "sha256:ebb8603d45bc86bbd5edb0d63e52c5fd9e7945d3a503b77e486bd88dde67a19b"},
    {file = "numpy-2.3.1-pp311-pypy311_pp73-macosx_14_0_x86_64.whl", hash = "sha256:15aa4c392ac396e2ad3d0a2680c0f0dee420f9fed14eef09bdb9450ee6dcb7b7"},
    {file = "numpy-2.3.1-pp311-pypy311_pp73-manylinux_2_28_aarch64.whl", hash = "sha256:c6e0bf9d1a2f50d2b65a7cf56db37c095af17b59f6c132396f7c6d5dd76484df"},
    {file = "numpy-2.3.1-pp311-pypy311_pp73-manylinux_2_28_x86_64.whl", hash = "sha256:eabd7e8740d494ce2b4ea0ff05afa1b7b291e978c0ae075487c51e8bd93c0c68"},
    {file = "numpy-2.3.1-pp311-pypy311_pp73-win_amd64.whl", hash = "sha256:e610832418a2bc09d974cc9fecebfa51e9532d6190223bc5ef6a7402ebf3b5cb"},
    {file = "numpy-2.3.1.tar.gz", hash = "sha256:1ec9ae20a4226da374362cca3c62cd753faf2f951440b0e3b98e93c235441d2b"},
]

[[package]]
name = "packaging"
version = "25.0"
description = "Core utilities for Python packages"
optional = false
python-versions = ">=3.8"
groups = ["main"]
files = [
    {file = "packaging-25.0-py3-none-any.whl", hash = "sha256:29572ef2b1f17581046b3a2227d5c611fb25ec70ca1ba8554b24b0e69331a484"},
    {file = "packaging-25.0.tar.gz", hash = "sha256:d443872c98d677bf60f6a1f2f8c1cb748e8fe762d2bf9d3148b5599295b0fc4f"},
]

[[package]]
name = "pluggy"
version = "1.6.0"
description = "plugin and hook calling mechanisms for python"
optional = false
python-versions = ">=3.9"
groups = ["main"]
files = [
    {file = "pluggy-1.6.0-py3-none-any.whl", hash = "sha256:e920276dd6813095e9377c0bc5566d94c932c33b27a3e3945d8389c374dd4746"},
    {file = "pluggy-1.6.0.tar.gz", hash = "sha256:7dcc130b76258d33b90f61b658791dede3486c3e6bfb003ee5c9bfb396dd22f3"},
]

[package.extras]
dev = ["pre-commit", "tox"]
testing = ["coverage", "pytest", "pytest-benchmark"]

[[package]]
name = "pygments"
version = "2.19.2"
description = "Pygments is a syntax highlighting package written in Python."
optional = false
python-versions = ">=3.8"
groups = ["main"]
files = [
    {file = "pygments-2.19.2-py3-none-any.whl", hash = "sha256:86540386c03d588bb81d44bc3928634ff26449851e99741617ecb9037ee5ec0b"},
    {file = "pygments-2.19.2.tar.gz", hash = "sha256:636cb2477cec7f8952536970bc533bc43743542f70392ae026374600add5b887"},
]

[package.extras]
windows-terminal = ["colorama (>=0.4.6)"]

[[package]]
name = "pytest"
version = "8.4.1"
description = "pytest: simple powerful testing with Python"
optional = false
python-versions = ">=3.9"
groups = ["main"]
files = [
    {file = "pytest-8.4.1-py3-none-any.whl", hash = "sha256:539c70ba6fcead8e78eebbf1115e8b589e7565830d7d006a8723f19ac8a0afb7"},
    {file = "pytest-8.4.1.tar.gz", hash = "sha256:7c67fd69174877359ed9371ec3af8a3d2b04741818c51e5e99cc1742251fa93c"},
]

[package.dependencies]
colorama = {version = ">=0.4", markers = "sys_platform == \"win32\""}
iniconfig = ">=1"
packaging = ">=20"
pluggy = ">=1.5,<2"
pygments = ">=2.7.2"

[package.extras]
dev = ["argcomplete", "attrs (>=19.2)", "hypothesis (>=3.56)", "mock", "requests", "setuptools", "xmlschema"]

[[package]]
name = "python-dotenv"
version = "1.1.1"
description = "Read key-value pairs from a .env file and set them as environment variables"
optional = false
python-versions = ">=3.9"
groups = ["main"]
files = [
    {file = "python_dotenv-1.1.1-py3-none-any.whl", hash = "sha256:31f23644fe2602f88ff55e1f5c79ba497e01224ee7737937930c448e4d0e24dc"},
    {file = "python_dotenv-1.1.1.tar.gz", hash = "sha256:a8a6399716257f45be6a007360200409fce5cda2661e3dec71d23dc15f6189ab"},
]

[package.extras]
cli = ["click (>=5.0)"]

[[package]]
name = "sniffio"
version = "1.3.1"
description = "Sniff out which async library your code is running under"
optional = false
python-versions = ">=3.7"
groups = ["main"]
files = [
    {file = "sniffio-1.3.1-py3-none-any.whl", hash = "sha256:2f6da418d1f1e0fddd844478f41680e794e6051915791a034ff65e5f100525a2"},
    {file = "sniffio-1.3.1.tar.gz", hash = "sha256:f4324edc670a0f49750a81b895f35c3adb843cca46f0530f79fc1babb23789dc"},
]

[[package]]
name = "sympy"
version = "1.14.0"
description = "Computer algebra system (CAS) in Python"
optional = false
python-versions = ">=3.9"
groups = ["main"]
files = [
    {file = "sympy-1.14.0-py3-none-any.whl", hash = "sha256:e091cc3e99d2141a0ba2847328f5479b05d94a6635cb96148ccb3f34671bd8f5"},
    {file = "sympy-1.14.0.tar.gz", hash = "sha256:d3d3fe8df1e5a0b42f0e7bdf50541697dbe7d23746e894990c030e2b05e72517"},
]

[package.dependencies]
mpmath = ">=1.1.0,<1.4"

[package.extras]
dev = ["hypothesis (>=6.70.0)", "pytest (>=7.1.0)"]

[[package]]
name = "typing-extensions"
version = "4.14.0"
description = "Backported and Experimental Type Hints for Python 3.9+"
optional = false
python-versions = ">=3.9"
groups = ["main"]
markers = "python_version == \"3.12\""
files = [
    {file = "typing_extensions-4.14.0-py3-none-any.whl", hash = "sha256:a1514509136dd0b477638fc68d6a91497af5076466ad0fa6c338e44e359944af"},
    {file = "typing_extensions-4.14.0.tar.gz", hash = "sha256:8676b788e32f02ab42d9e7c61324048ae4c6d844a399eebace3d4979d75ceef4"},
]

[[package]]
name = "wolframalpha"
version = "5.1.3"
description = "Wolfram|Alpha 2.0 API client"
optional = false
python-versions = ">=3.8"
groups = ["main"]
files = [
    {file = "wolframalpha-5.1.3-py3-none-any.whl", hash = "sha256:549b44e64595c5845be4c94f2b306a84832157bef422b20937cbca44b48ee117"},
    {file = "wolframalpha-5.1.3.tar.gz", hash = "sha256:56226efeca0f55acec5e17dd2f6537a178d0bf4feec4df0615165e2968bb49b8"},
]

[package.dependencies]
httpx = "*"
"jaraco.context" = "*"
more-itertools = "*"
multidict = "*"
xmltodict = "*"

[package.extras]
doc = ["furo", "jaraco.packaging (>=9.3)", "rst.linker (>=1.9)", "sphinx (>=3.5)", "sphinx-lint"]
test = ["keyring", "pmxbot", "pytest (>=6,!=8.1.*)", "pytest-checkdocs (>=2.4)", "pytest-cov", "pytest-enabler (>=2.2)", "pytest-mypy", "pytest-ruff (>=0.2.1)"]

[[package]]
name = "xmltodict"
version = "0.14.2"
description = "Makes working with XML feel like you are working with JSON"
optional = false
python-versions = ">=3.6"
groups = ["main"]
files = [
    {file = "xmltodict-0.14.2-py2.py3-none-any.whl", hash = "sha256:20cc7d723ed729276e808f26fb6b3599f786cbc37e06c65e192ba77c40f20aac"},
    {file = "xmltodict-0.14.2.tar.gz", hash = "sha256:201e7c28bb210e374999d1dde6382923ab0ed1a8a5faeece48ab525b7810a553"},
]

[metadata]
lock-version = "2.1"
python-versions = "^3.12"
content-hash = "3962c7c44f3594be5f11cdd1aba46821a4054c88921761f47d15b526e33683c9"
